// !$*UTF8*$!
{
	archiveVersion = 1;
	classes = {
	};
	objectVersion = 56;
	objects = {

/* Begin PBXBuildFile section */
		4A3404A92B3F3E18004769A5 /* ProductView.swift in Sources */ = {isa = PBXBuildFile; fileRef = 4A3404A82B3F3E18004769A5 /* ProductView.swift */; };
		4A3EF53E2B3A045000889EC9 /* ShopCommonRecomendationView.swift in Sources */ = {isa = PBXBuildFile; fileRef = 4A3EF53D2B3A045000889EC9 /* ShopCommonRecomendationView.swift */; };
		4A7945882B12158A0055592B /* nike_cpApp.swift in Sources */ = {isa = PBXBuildFile; fileRef = 4A7945872B12158A0055592B /* nike_cpApp.swift */; };
		4A79458A2B12158A0055592B /* RootView.swift in Sources */ = {isa = PBXBuildFile; fileRef = 4A7945892B12158A0055592B /* RootView.swift */; };
		4A79458C2B12158D0055592B /* Assets.xcassets in Resources */ = {isa = PBXBuildFile; fileRef = 4A79458B2B12158D0055592B /* Assets.xcassets */; };
		4A79458F2B12158D0055592B /* Preview Assets.xcassets in Resources */ = {isa = PBXBuildFile; fileRef = 4A79458E2B12158D0055592B /* Preview Assets.xcassets */; };
		4A7945992B12158E0055592B /* nike_cpTests.swift in Sources */ = {isa = PBXBuildFile; fileRef = 4A7945982B12158E0055592B /* nike_cpTests.swift */; };
		4A7945A32B12158E0055592B /* nike_cpUITests.swift in Sources */ = {isa = PBXBuildFile; fileRef = 4A7945A22B12158E0055592B /* nike_cpUITests.swift */; };
		4A7945A52B12158E0055592B /* nike_cpUITestsLaunchTests.swift in Sources */ = {isa = PBXBuildFile; fileRef = 4A7945A42B12158E0055592B /* nike_cpUITestsLaunchTests.swift */; };
		4A7A4DBE2B12247400F12C33 /* Launch Screen.storyboard in Resources */ = {isa = PBXBuildFile; fileRef = 4A7A4DBD2B12247400F12C33 /* Launch Screen.storyboard */; };
		4A7E8BE72B385B9A0054F5C7 /* Product.swift in Sources */ = {isa = PBXBuildFile; fileRef = 4A7E8BE62B385B9A0054F5C7 /* Product.swift */; };
		4A7E8BE92B38620A0054F5C7 /* UserInfo.swift in Sources */ = {isa = PBXBuildFile; fileRef = 4A7E8BE82B38620A0054F5C7 /* UserInfo.swift */; };
		4A7E8BEB2B38650F0054F5C7 /* LoginStubAPI.swift in Sources */ = {isa = PBXBuildFile; fileRef = 4A7E8BEA2B38650F0054F5C7 /* LoginStubAPI.swift */; };
		4A7E8BEF2B38A47B0054F5C7 /* Gender.swift in Sources */ = {isa = PBXBuildFile; fileRef = 4A7E8BEE2B38A47B0054F5C7 /* Gender.swift */; };
		4A8016432B2E1D40008262F7 /* SegmentedView.swift in Sources */ = {isa = PBXBuildFile; fileRef = 4A8016422B2E1D40008262F7 /* SegmentedView.swift */; };
		4A83B3AB2B30D9E3003DDA4B /* ShopStubAPI.swift in Sources */ = {isa = PBXBuildFile; fileRef = 4A83B3AA2B30D9E3003DDA4B /* ShopStubAPI.swift */; };
		4A8490F42B31F71600B23A8E /* ImgWithTextView.swift in Sources */ = {isa = PBXBuildFile; fileRef = 4A8490F32B31F71600B23A8E /* ImgWithTextView.swift */; };
		4A8490F72B31F91300B23A8E /* ShopRecomendGalleryView.swift in Sources */ = {isa = PBXBuildFile; fileRef = 4A8490F62B31F91300B23A8E /* ShopRecomendGalleryView.swift */; };
		4A8703F42B36E8B700162E8A /* PhotoList.swift in Sources */ = {isa = PBXBuildFile; fileRef = 4A8703F32B36E8B700162E8A /* PhotoList.swift */; };
		4A8703F62B36E97600162E8A /* Category.swift in Sources */ = {isa = PBXBuildFile; fileRef = 4A8703F52B36E97500162E8A /* Category.swift */; };
		4A8703F82B36ECC600162E8A /* ShopProductTypeGridView.swift in Sources */ = {isa = PBXBuildFile; fileRef = 4A8703F72B36ECC600162E8A /* ShopProductTypeGridView.swift */; };
		4A8703FA2B37010A00162E8A /* StubAPI.swift in Sources */ = {isa = PBXBuildFile; fileRef = 4A8703F92B37010A00162E8A /* StubAPI.swift */; };
		4A881E482B3A0E600084FF46 /* ProductGridItemView.swift in Sources */ = {isa = PBXBuildFile; fileRef = 4A881E472B3A0E600084FF46 /* ProductGridItemView.swift */; };
		4A8962502B3B4648007E44AB /* SubCategory.swift in Sources */ = {isa = PBXBuildFile; fileRef = 4A89624F2B3B4648007E44AB /* SubCategory.swift */; };
		4A8962522B3B467A007E44AB /* ProductType.swift in Sources */ = {isa = PBXBuildFile; fileRef = 4A8962512B3B467A007E44AB /* ProductType.swift */; };
		4A8962542B3B4F26007E44AB /* CartStubAPI.swift in Sources */ = {isa = PBXBuildFile; fileRef = 4A8962532B3B4F26007E44AB /* CartStubAPI.swift */; };
		4A8962562B3B5089007E44AB /* CommonStubAPI.swift in Sources */ = {isa = PBXBuildFile; fileRef = 4A8962552B3B5089007E44AB /* CommonStubAPI.swift */; };
		4A8962582B3B50D8007E44AB /* FavoritesStubAPI.swift in Sources */ = {isa = PBXBuildFile; fileRef = 4A8962572B3B50D8007E44AB /* FavoritesStubAPI.swift */; };
		4A89625A2B3B5123007E44AB /* HomeStubAPI.swift in Sources */ = {isa = PBXBuildFile; fileRef = 4A8962592B3B5123007E44AB /* HomeStubAPI.swift */; };
		4A89625C2B3B5198007E44AB /* Promotion.swift in Sources */ = {isa = PBXBuildFile; fileRef = 4A89625B2B3B5198007E44AB /* Promotion.swift */; };
		4A8C13022B3C932300E2C102 /* ShopSubCategoryListVIew.swift in Sources */ = {isa = PBXBuildFile; fileRef = 4A8C13012B3C932300E2C102 /* ShopSubCategoryListVIew.swift */; };
		4A8C13052B3C9BED00E2C102 /* ShopProto.swift in Sources */ = {isa = PBXBuildFile; fileRef = 4A8C13042B3C9BED00E2C102 /* ShopProto.swift */; };
		4A8C13072B3C9CCE00E2C102 /* LoginProto.swift in Sources */ = {isa = PBXBuildFile; fileRef = 4A8C13062B3C9CCE00E2C102 /* LoginProto.swift */; };
		4A8C13092B3C9D5100E2C102 /* CartProto.swift in Sources */ = {isa = PBXBuildFile; fileRef = 4A8C13082B3C9D5100E2C102 /* CartProto.swift */; };
		4A8C130B2B3C9DC600E2C102 /* CommonProto.swift in Sources */ = {isa = PBXBuildFile; fileRef = 4A8C130A2B3C9DC600E2C102 /* CommonProto.swift */; };
		4A8C130D2B3C9DE600E2C102 /* FavoritesProto.swift in Sources */ = {isa = PBXBuildFile; fileRef = 4A8C130C2B3C9DE600E2C102 /* FavoritesProto.swift */; };
		4A8C130F2B3C9E2300E2C102 /* HomeProto.swift in Sources */ = {isa = PBXBuildFile; fileRef = 4A8C130E2B3C9E2300E2C102 /* HomeProto.swift */; };
		4A8C13112B3C9E8D00E2C102 /* APIFactory.swift in Sources */ = {isa = PBXBuildFile; fileRef = 4A8C13102B3C9E8D00E2C102 /* APIFactory.swift */; };
		4AFA0EB52B3EC341000F2F40 /* ShopSubCategoryView.swift in Sources */ = {isa = PBXBuildFile; fileRef = 4AFA0EB42B3EC341000F2F40 /* ShopSubCategoryView.swift */; };
		4AFC5F842B2320940000B62C /* HomeView.swift in Sources */ = {isa = PBXBuildFile; fileRef = 4AFC5F832B2320940000B62C /* HomeView.swift */; };
		4AFC5F862B23216E0000B62C /* ShopView.swift in Sources */ = {isa = PBXBuildFile; fileRef = 4AFC5F852B23216E0000B62C /* ShopView.swift */; };
		4AFC5F882B2321C30000B62C /* FavoritesView.swift in Sources */ = {isa = PBXBuildFile; fileRef = 4AFC5F872B2321C30000B62C /* FavoritesView.swift */; };
		4AFC5F8B2B2322570000B62C /* BagView.swift in Sources */ = {isa = PBXBuildFile; fileRef = 4AFC5F8A2B2322570000B62C /* BagView.swift */; };
		4AFC5F8D2B2322C00000B62C /* ProfileView.swift in Sources */ = {isa = PBXBuildFile; fileRef = 4AFC5F8C2B2322C00000B62C /* ProfileView.swift */; };
		803947B42B543F230053ED0C /* SelectSizeView.swift in Sources */ = {isa = PBXBuildFile; fileRef = 803947B32B543F230053ED0C /* SelectSizeView.swift */; };
		8041F5B12B49873500E101A9 /* ProductRecomendView.swift in Sources */ = {isa = PBXBuildFile; fileRef = 8041F5B02B49873500E101A9 /* ProductRecomendView.swift */; };
		8041F5B32B49B8E400E101A9 /* HomeProductPromotionView.swift in Sources */ = {isa = PBXBuildFile; fileRef = 8041F5B22B49B8E400E101A9 /* HomeProductPromotionView.swift */; };
		8046057D2B48978C0010137A /* HomeRecomendGalleryView.swift in Sources */ = {isa = PBXBuildFile; fileRef = 8046057C2B48978C0010137A /* HomeRecomendGalleryView.swift */; };
/* End PBXBuildFile section */

/* Begin PBXContainerItemProxy section */
		4A7945952B12158E0055592B /* PBXContainerItemProxy */ = {
			isa = PBXContainerItemProxy;
			containerPortal = 4A79457C2B12158A0055592B /* Project object */;
			proxyType = 1;
			remoteGlobalIDString = 4A7945832B12158A0055592B;
			remoteInfo = nike_cp;
		};
		4A79459F2B12158E0055592B /* PBXContainerItemProxy */ = {
			isa = PBXContainerItemProxy;
			containerPortal = 4A79457C2B12158A0055592B /* Project object */;
			proxyType = 1;
			remoteGlobalIDString = 4A7945832B12158A0055592B;
			remoteInfo = nike_cp;
		};
/* End PBXContainerItemProxy section */

/* Begin PBXFileReference section */
		4A3404A82B3F3E18004769A5 /* ProductView.swift */ = {isa = PBXFileReference; lastKnownFileType = sourcecode.swift; path = ProductView.swift; sourceTree = "<group>"; };
		4A3EF53D2B3A045000889EC9 /* ShopCommonRecomendationView.swift */ = {isa = PBXFileReference; lastKnownFileType = sourcecode.swift; path = ShopCommonRecomendationView.swift; sourceTree = "<group>"; };
		4A7945842B12158A0055592B /* nike_cp.app */ = {isa = PBXFileReference; explicitFileType = wrapper.application; includeInIndex = 0; path = nike_cp.app; sourceTree = BUILT_PRODUCTS_DIR; };
		4A7945872B12158A0055592B /* nike_cpApp.swift */ = {isa = PBXFileReference; lastKnownFileType = sourcecode.swift; path = nike_cpApp.swift; sourceTree = "<group>"; };
		4A7945892B12158A0055592B /* RootView.swift */ = {isa = PBXFileReference; lastKnownFileType = sourcecode.swift; path = RootView.swift; sourceTree = "<group>"; };
		4A79458B2B12158D0055592B /* Assets.xcassets */ = {isa = PBXFileReference; lastKnownFileType = folder.assetcatalog; path = Assets.xcassets; sourceTree = "<group>"; };
		4A79458E2B12158D0055592B /* Preview Assets.xcassets */ = {isa = PBXFileReference; lastKnownFileType = folder.assetcatalog; path = "Preview Assets.xcassets"; sourceTree = "<group>"; };
		4A7945942B12158E0055592B /* nike_cpTests.xctest */ = {isa = PBXFileReference; explicitFileType = wrapper.cfbundle; includeInIndex = 0; path = nike_cpTests.xctest; sourceTree = BUILT_PRODUCTS_DIR; };
		4A7945982B12158E0055592B /* nike_cpTests.swift */ = {isa = PBXFileReference; lastKnownFileType = sourcecode.swift; path = nike_cpTests.swift; sourceTree = "<group>"; };
		4A79459E2B12158E0055592B /* nike_cpUITests.xctest */ = {isa = PBXFileReference; explicitFileType = wrapper.cfbundle; includeInIndex = 0; path = nike_cpUITests.xctest; sourceTree = BUILT_PRODUCTS_DIR; };
		4A7945A22B12158E0055592B /* nike_cpUITests.swift */ = {isa = PBXFileReference; lastKnownFileType = sourcecode.swift; path = nike_cpUITests.swift; sourceTree = "<group>"; };
		4A7945A42B12158E0055592B /* nike_cpUITestsLaunchTests.swift */ = {isa = PBXFileReference; lastKnownFileType = sourcecode.swift; path = nike_cpUITestsLaunchTests.swift; sourceTree = "<group>"; };
		4A7A4DBD2B12247400F12C33 /* Launch Screen.storyboard */ = {isa = PBXFileReference; lastKnownFileType = file.storyboard; path = "Launch Screen.storyboard"; sourceTree = "<group>"; };
		4A7E8BE62B385B9A0054F5C7 /* Product.swift */ = {isa = PBXFileReference; lastKnownFileType = sourcecode.swift; path = Product.swift; sourceTree = "<group>"; };
		4A7E8BE82B38620A0054F5C7 /* UserInfo.swift */ = {isa = PBXFileReference; lastKnownFileType = sourcecode.swift; path = UserInfo.swift; sourceTree = "<group>"; };
		4A7E8BEA2B38650F0054F5C7 /* LoginStubAPI.swift */ = {isa = PBXFileReference; lastKnownFileType = sourcecode.swift; path = LoginStubAPI.swift; sourceTree = "<group>"; };
		4A7E8BEE2B38A47B0054F5C7 /* Gender.swift */ = {isa = PBXFileReference; lastKnownFileType = sourcecode.swift; path = Gender.swift; sourceTree = "<group>"; };
		4A8016422B2E1D40008262F7 /* SegmentedView.swift */ = {isa = PBXFileReference; lastKnownFileType = sourcecode.swift; path = SegmentedView.swift; sourceTree = "<group>"; };
		4A83B3AA2B30D9E3003DDA4B /* ShopStubAPI.swift */ = {isa = PBXFileReference; lastKnownFileType = sourcecode.swift; path = ShopStubAPI.swift; sourceTree = "<group>"; };
		4A8490F32B31F71600B23A8E /* ImgWithTextView.swift */ = {isa = PBXFileReference; lastKnownFileType = sourcecode.swift; path = ImgWithTextView.swift; sourceTree = "<group>"; };
		4A8490F62B31F91300B23A8E /* ShopRecomendGalleryView.swift */ = {isa = PBXFileReference; lastKnownFileType = sourcecode.swift; path = ShopRecomendGalleryView.swift; sourceTree = "<group>"; };
		4A8703F32B36E8B700162E8A /* PhotoList.swift */ = {isa = PBXFileReference; lastKnownFileType = sourcecode.swift; path = PhotoList.swift; sourceTree = "<group>"; };
		4A8703F52B36E97500162E8A /* Category.swift */ = {isa = PBXFileReference; lastKnownFileType = sourcecode.swift; path = Category.swift; sourceTree = "<group>"; };
		4A8703F72B36ECC600162E8A /* ShopProductTypeGridView.swift */ = {isa = PBXFileReference; lastKnownFileType = sourcecode.swift; path = ShopProductTypeGridView.swift; sourceTree = "<group>"; };
		4A8703F92B37010A00162E8A /* StubAPI.swift */ = {isa = PBXFileReference; lastKnownFileType = sourcecode.swift; path = StubAPI.swift; sourceTree = "<group>"; };
		4A881E472B3A0E600084FF46 /* ProductGridItemView.swift */ = {isa = PBXFileReference; lastKnownFileType = sourcecode.swift; path = ProductGridItemView.swift; sourceTree = "<group>"; };
		4A89624F2B3B4648007E44AB /* SubCategory.swift */ = {isa = PBXFileReference; lastKnownFileType = sourcecode.swift; path = SubCategory.swift; sourceTree = "<group>"; };
		4A8962512B3B467A007E44AB /* ProductType.swift */ = {isa = PBXFileReference; lastKnownFileType = sourcecode.swift; path = ProductType.swift; sourceTree = "<group>"; };
		4A8962532B3B4F26007E44AB /* CartStubAPI.swift */ = {isa = PBXFileReference; lastKnownFileType = sourcecode.swift; path = CartStubAPI.swift; sourceTree = "<group>"; };
		4A8962552B3B5089007E44AB /* CommonStubAPI.swift */ = {isa = PBXFileReference; lastKnownFileType = sourcecode.swift; path = CommonStubAPI.swift; sourceTree = "<group>"; };
		4A8962572B3B50D8007E44AB /* FavoritesStubAPI.swift */ = {isa = PBXFileReference; lastKnownFileType = sourcecode.swift; path = FavoritesStubAPI.swift; sourceTree = "<group>"; };
		4A8962592B3B5123007E44AB /* HomeStubAPI.swift */ = {isa = PBXFileReference; lastKnownFileType = sourcecode.swift; path = HomeStubAPI.swift; sourceTree = "<group>"; };
		4A89625B2B3B5198007E44AB /* Promotion.swift */ = {isa = PBXFileReference; lastKnownFileType = sourcecode.swift; path = Promotion.swift; sourceTree = "<group>"; };
		4A8C13012B3C932300E2C102 /* ShopSubCategoryListVIew.swift */ = {isa = PBXFileReference; lastKnownFileType = sourcecode.swift; path = ShopSubCategoryListVIew.swift; sourceTree = "<group>"; };
		4A8C13042B3C9BED00E2C102 /* ShopProto.swift */ = {isa = PBXFileReference; lastKnownFileType = sourcecode.swift; path = ShopProto.swift; sourceTree = "<group>"; };
		4A8C13062B3C9CCE00E2C102 /* LoginProto.swift */ = {isa = PBXFileReference; lastKnownFileType = sourcecode.swift; path = LoginProto.swift; sourceTree = "<group>"; };
		4A8C13082B3C9D5100E2C102 /* CartProto.swift */ = {isa = PBXFileReference; lastKnownFileType = sourcecode.swift; path = CartProto.swift; sourceTree = "<group>"; };
		4A8C130A2B3C9DC600E2C102 /* CommonProto.swift */ = {isa = PBXFileReference; lastKnownFileType = sourcecode.swift; path = CommonProto.swift; sourceTree = "<group>"; };
		4A8C130C2B3C9DE600E2C102 /* FavoritesProto.swift */ = {isa = PBXFileReference; lastKnownFileType = sourcecode.swift; path = FavoritesProto.swift; sourceTree = "<group>"; };
		4A8C130E2B3C9E2300E2C102 /* HomeProto.swift */ = {isa = PBXFileReference; lastKnownFileType = sourcecode.swift; path = HomeProto.swift; sourceTree = "<group>"; };
		4A8C13102B3C9E8D00E2C102 /* APIFactory.swift */ = {isa = PBXFileReference; lastKnownFileType = sourcecode.swift; path = APIFactory.swift; sourceTree = "<group>"; };
		4AFA0EB42B3EC341000F2F40 /* ShopSubCategoryView.swift */ = {isa = PBXFileReference; lastKnownFileType = sourcecode.swift; path = ShopSubCategoryView.swift; sourceTree = "<group>"; };
		4AFC5F832B2320940000B62C /* HomeView.swift */ = {isa = PBXFileReference; lastKnownFileType = sourcecode.swift; path = HomeView.swift; sourceTree = "<group>"; };
		4AFC5F852B23216E0000B62C /* ShopView.swift */ = {isa = PBXFileReference; lastKnownFileType = sourcecode.swift; path = ShopView.swift; sourceTree = "<group>"; };
		4AFC5F872B2321C30000B62C /* FavoritesView.swift */ = {isa = PBXFileReference; lastKnownFileType = sourcecode.swift; path = FavoritesView.swift; sourceTree = "<group>"; };
		4AFC5F8A2B2322570000B62C /* BagView.swift */ = {isa = PBXFileReference; lastKnownFileType = sourcecode.swift; path = BagView.swift; sourceTree = "<group>"; };
		4AFC5F8C2B2322C00000B62C /* ProfileView.swift */ = {isa = PBXFileReference; lastKnownFileType = sourcecode.swift; path = ProfileView.swift; sourceTree = "<group>"; };
		4AFC5F8E2B232E190000B62C /* README.md */ = {isa = PBXFileReference; lastKnownFileType = net.daringfireball.markdown; path = README.md; sourceTree = "<group>"; xcLanguageSpecificationIdentifier = xcode.lang.markdown; };
		803947B32B543F230053ED0C /* SelectSizeView.swift */ = {isa = PBXFileReference; lastKnownFileType = sourcecode.swift; path = SelectSizeView.swift; sourceTree = "<group>"; };
		8041F5B02B49873500E101A9 /* ProductRecomendView.swift */ = {isa = PBXFileReference; lastKnownFileType = sourcecode.swift; path = ProductRecomendView.swift; sourceTree = "<group>"; };
		8041F5B22B49B8E400E101A9 /* HomeProductPromotionView.swift */ = {isa = PBXFileReference; lastKnownFileType = sourcecode.swift; path = HomeProductPromotionView.swift; sourceTree = "<group>"; };
		8046057C2B48978C0010137A /* HomeRecomendGalleryView.swift */ = {isa = PBXFileReference; lastKnownFileType = sourcecode.swift; path = HomeRecomendGalleryView.swift; sourceTree = "<group>"; };
/* End PBXFileReference section */

/* Begin PBXFrameworksBuildPhase section */
		4A7945812B12158A0055592B /* Frameworks */ = {
			isa = PBXFrameworksBuildPhase;
			buildActionMask = 2147483647;
			files = (
			);
			runOnlyForDeploymentPostprocessing = 0;
		};
		4A7945912B12158E0055592B /* Frameworks */ = {
			isa = PBXFrameworksBuildPhase;
			buildActionMask = 2147483647;
			files = (
			);
			runOnlyForDeploymentPostprocessing = 0;
		};
		4A79459B2B12158E0055592B /* Frameworks */ = {
			isa = PBXFrameworksBuildPhase;
			buildActionMask = 2147483647;
			files = (
			);
			runOnlyForDeploymentPostprocessing = 0;
		};
/* End PBXFrameworksBuildPhase section */

/* Begin PBXGroup section */
		4A79457B2B12158A0055592B = {
			isa = PBXGroup;
			children = (
				4AFC5F8E2B232E190000B62C /* README.md */,
				4A7945862B12158A0055592B /* nike_cp */,
				4A7945972B12158E0055592B /* nike_cpTests */,
				4A7945A12B12158E0055592B /* nike_cpUITests */,
				4A7945852B12158A0055592B /* Products */,
			);
			sourceTree = "<group>";
		};
		4A7945852B12158A0055592B /* Products */ = {
			isa = PBXGroup;
			children = (
				4A7945842B12158A0055592B /* nike_cp.app */,
				4A7945942B12158E0055592B /* nike_cpTests.xctest */,
				4A79459E2B12158E0055592B /* nike_cpUITests.xctest */,
			);
			name = Products;
			sourceTree = "<group>";
		};
		4A7945862B12158A0055592B /* nike_cp */ = {
			isa = PBXGroup;
			children = (
				4AFC5F822B230BC50000B62C /* Models */,
				4AFC5F382B20FF3E0000B62C /* API */,
				4A7945872B12158A0055592B /* nike_cpApp.swift */,
				4AFC5F372B20FF220000B62C /* Views */,
				4A79458B2B12158D0055592B /* Assets.xcassets */,
				4A7A4DBD2B12247400F12C33 /* Launch Screen.storyboard */,
				4A79458D2B12158D0055592B /* Preview Content */,
			);
			path = nike_cp;
			sourceTree = "<group>";
		};
		4A79458D2B12158D0055592B /* Preview Content */ = {
			isa = PBXGroup;
			children = (
				4A79458E2B12158D0055592B /* Preview Assets.xcassets */,
			);
			path = "Preview Content";
			sourceTree = "<group>";
		};
		4A7945972B12158E0055592B /* nike_cpTests */ = {
			isa = PBXGroup;
			children = (
				4A7945982B12158E0055592B /* nike_cpTests.swift */,
			);
			path = nike_cpTests;
			sourceTree = "<group>";
		};
		4A7945A12B12158E0055592B /* nike_cpUITests */ = {
			isa = PBXGroup;
			children = (
				4A7945A22B12158E0055592B /* nike_cpUITests.swift */,
				4A7945A42B12158E0055592B /* nike_cpUITestsLaunchTests.swift */,
			);
			path = nike_cpUITests;
			sourceTree = "<group>";
		};
		4A8016412B2E1D23008262F7 /* Common */ = {
			isa = PBXGroup;
			children = (
				4A3404A82B3F3E18004769A5 /* ProductView.swift */,
				4A8016422B2E1D40008262F7 /* SegmentedView.swift */,
				4A8490F32B31F71600B23A8E /* ImgWithTextView.swift */,
				4A881E472B3A0E600084FF46 /* ProductGridItemView.swift */,
				8041F5B02B49873500E101A9 /* ProductRecomendView.swift */,
				803947B32B543F230053ED0C /* SelectSizeView.swift */,
			);
			path = Common;
			sourceTree = "<group>";
		};
		4A899C722B28D5BF0042EE8A /* ShopView */ = {
			isa = PBXGroup;
			children = (
				4A8490F62B31F91300B23A8E /* ShopRecomendGalleryView.swift */,
				4A8703F72B36ECC600162E8A /* ShopProductTypeGridView.swift */,
				4A3EF53D2B3A045000889EC9 /* ShopCommonRecomendationView.swift */,
				4A8C13012B3C932300E2C102 /* ShopSubCategoryListVIew.swift */,
				4AFA0EB42B3EC341000F2F40 /* ShopSubCategoryView.swift */,
			);
			path = ShopView;
			sourceTree = "<group>";
		};
		4A8C13032B3C9BCE00E2C102 /* Proto */ = {
			isa = PBXGroup;
			children = (
				4A8C13042B3C9BED00E2C102 /* ShopProto.swift */,
				4A8C13062B3C9CCE00E2C102 /* LoginProto.swift */,
				4A8C13082B3C9D5100E2C102 /* CartProto.swift */,
				4A8C130A2B3C9DC600E2C102 /* CommonProto.swift */,
				4A8C130C2B3C9DE600E2C102 /* FavoritesProto.swift */,
				4A8C130E2B3C9E2300E2C102 /* HomeProto.swift */,
			);
			path = Proto;
			sourceTree = "<group>";
		};
		4A8C13122B3C9F7C00E2C102 /* Stub */ = {
			isa = PBXGroup;
			children = (
				4A83B3AA2B30D9E3003DDA4B /* ShopStubAPI.swift */,
				4A8703F92B37010A00162E8A /* StubAPI.swift */,
				4A7E8BEA2B38650F0054F5C7 /* LoginStubAPI.swift */,
				4A8962532B3B4F26007E44AB /* CartStubAPI.swift */,
				4A8962552B3B5089007E44AB /* CommonStubAPI.swift */,
				4A8962572B3B50D8007E44AB /* FavoritesStubAPI.swift */,
				4A8962592B3B5123007E44AB /* HomeStubAPI.swift */,
			);
			path = Stub;
			sourceTree = "<group>";
		};
		4AFC5F372B20FF220000B62C /* Views */ = {
			isa = PBXGroup;
			children = (
				8046057B2B488C8C0010137A /* HomeView */,
				4A8016412B2E1D23008262F7 /* Common */,
				4A899C722B28D5BF0042EE8A /* ShopView */,
				4A7945892B12158A0055592B /* RootView.swift */,
				4AFC5F832B2320940000B62C /* HomeView.swift */,
				4AFC5F852B23216E0000B62C /* ShopView.swift */,
				4AFC5F872B2321C30000B62C /* FavoritesView.swift */,
				4AFC5F8A2B2322570000B62C /* BagView.swift */,
				4AFC5F8C2B2322C00000B62C /* ProfileView.swift */,
			);
			path = Views;
			sourceTree = "<group>";
		};
		4AFC5F382B20FF3E0000B62C /* API */ = {
			isa = PBXGroup;
			children = (
				4A8C13122B3C9F7C00E2C102 /* Stub */,
				4A8C13032B3C9BCE00E2C102 /* Proto */,
				4A8C13102B3C9E8D00E2C102 /* APIFactory.swift */,
			);
			path = API;
			sourceTree = "<group>";
		};
		4AFC5F822B230BC50000B62C /* Models */ = {
			isa = PBXGroup;
			children = (
				4A8703F32B36E8B700162E8A /* PhotoList.swift */,
				4A8703F52B36E97500162E8A /* Category.swift */,
				4A7E8BE62B385B9A0054F5C7 /* Product.swift */,
				4A7E8BE82B38620A0054F5C7 /* UserInfo.swift */,
				4A7E8BEE2B38A47B0054F5C7 /* Gender.swift */,
				4A89624F2B3B4648007E44AB /* SubCategory.swift */,
				4A8962512B3B467A007E44AB /* ProductType.swift */,
				4A89625B2B3B5198007E44AB /* Promotion.swift */,
			);
			path = Models;
			sourceTree = "<group>";
		};
		8046057B2B488C8C0010137A /* HomeView */ = {
			isa = PBXGroup;
			children = (
				8046057C2B48978C0010137A /* HomeRecomendGalleryView.swift */,
				8041F5B22B49B8E400E101A9 /* HomeProductPromotionView.swift */,
			);
			path = HomeView;
			sourceTree = "<group>";
		};
/* End PBXGroup section */

/* Begin PBXNativeTarget section */
		4A7945832B12158A0055592B /* nike_cp */ = {
			isa = PBXNativeTarget;
			buildConfigurationList = 4A7945A82B12158E0055592B /* Build configuration list for PBXNativeTarget "nike_cp" */;
			buildPhases = (
				4A7945802B12158A0055592B /* Sources */,
				4A7945812B12158A0055592B /* Frameworks */,
				4A7945822B12158A0055592B /* Resources */,
			);
			buildRules = (
			);
			dependencies = (
			);
			name = nike_cp;
			productName = nike_cp;
			productReference = 4A7945842B12158A0055592B /* nike_cp.app */;
			productType = "com.apple.product-type.application";
		};
		4A7945932B12158E0055592B /* nike_cpTests */ = {
			isa = PBXNativeTarget;
			buildConfigurationList = 4A7945AB2B12158E0055592B /* Build configuration list for PBXNativeTarget "nike_cpTests" */;
			buildPhases = (
				4A7945902B12158E0055592B /* Sources */,
				4A7945912B12158E0055592B /* Frameworks */,
				4A7945922B12158E0055592B /* Resources */,
			);
			buildRules = (
			);
			dependencies = (
				4A7945962B12158E0055592B /* PBXTargetDependency */,
			);
			name = nike_cpTests;
			productName = nike_cpTests;
			productReference = 4A7945942B12158E0055592B /* nike_cpTests.xctest */;
			productType = "com.apple.product-type.bundle.unit-test";
		};
		4A79459D2B12158E0055592B /* nike_cpUITests */ = {
			isa = PBXNativeTarget;
			buildConfigurationList = 4A7945AE2B12158E0055592B /* Build configuration list for PBXNativeTarget "nike_cpUITests" */;
			buildPhases = (
				4A79459A2B12158E0055592B /* Sources */,
				4A79459B2B12158E0055592B /* Frameworks */,
				4A79459C2B12158E0055592B /* Resources */,
			);
			buildRules = (
			);
			dependencies = (
				4A7945A02B12158E0055592B /* PBXTargetDependency */,
			);
			name = nike_cpUITests;
			productName = nike_cpUITests;
			productReference = 4A79459E2B12158E0055592B /* nike_cpUITests.xctest */;
			productType = "com.apple.product-type.bundle.ui-testing";
		};
/* End PBXNativeTarget section */

/* Begin PBXProject section */
		4A79457C2B12158A0055592B /* Project object */ = {
			isa = PBXProject;
			attributes = {
				BuildIndependentTargetsInParallel = 1;
				LastSwiftUpdateCheck = 1420;
				LastUpgradeCheck = 1420;
				TargetAttributes = {
					4A7945832B12158A0055592B = {
						CreatedOnToolsVersion = 14.2;
					};
					4A7945932B12158E0055592B = {
						CreatedOnToolsVersion = 14.2;
						TestTargetID = 4A7945832B12158A0055592B;
					};
					4A79459D2B12158E0055592B = {
						CreatedOnToolsVersion = 14.2;
						TestTargetID = 4A7945832B12158A0055592B;
					};
				};
			};
			buildConfigurationList = 4A79457F2B12158A0055592B /* Build configuration list for PBXProject "nike_cp" */;
			compatibilityVersion = "Xcode 14.0";
			developmentRegion = en;
			hasScannedForEncodings = 0;
			knownRegions = (
				en,
				Base,
			);
			mainGroup = 4A79457B2B12158A0055592B;
			productRefGroup = 4A7945852B12158A0055592B /* Products */;
			projectDirPath = "";
			projectRoot = "";
			targets = (
				4A7945832B12158A0055592B /* nike_cp */,
				4A7945932B12158E0055592B /* nike_cpTests */,
				4A79459D2B12158E0055592B /* nike_cpUITests */,
			);
		};
/* End PBXProject section */

/* Begin PBXResourcesBuildPhase section */
		4A7945822B12158A0055592B /* Resources */ = {
			isa = PBXResourcesBuildPhase;
			buildActionMask = 2147483647;
			files = (
				4A7A4DBE2B12247400F12C33 /* Launch Screen.storyboard in Resources */,
				4A79458F2B12158D0055592B /* Preview Assets.xcassets in Resources */,
				4A79458C2B12158D0055592B /* Assets.xcassets in Resources */,
			);
			runOnlyForDeploymentPostprocessing = 0;
		};
		4A7945922B12158E0055592B /* Resources */ = {
			isa = PBXResourcesBuildPhase;
			buildActionMask = 2147483647;
			files = (
			);
			runOnlyForDeploymentPostprocessing = 0;
		};
		4A79459C2B12158E0055592B /* Resources */ = {
			isa = PBXResourcesBuildPhase;
			buildActionMask = 2147483647;
			files = (
			);
			runOnlyForDeploymentPostprocessing = 0;
		};
/* End PBXResourcesBuildPhase section */

/* Begin PBXSourcesBuildPhase section */
		4A7945802B12158A0055592B /* Sources */ = {
			isa = PBXSourcesBuildPhase;
			buildActionMask = 2147483647;
			files = (
				4A8703FA2B37010A00162E8A /* StubAPI.swift in Sources */,
				4A89625C2B3B5198007E44AB /* Promotion.swift in Sources */,
				4A8703F82B36ECC600162E8A /* ShopProductTypeGridView.swift in Sources */,
				4AFA0EB52B3EC341000F2F40 /* ShopSubCategoryView.swift in Sources */,
				4A8C13072B3C9CCE00E2C102 /* LoginProto.swift in Sources */,
				4AFC5F862B23216E0000B62C /* ShopView.swift in Sources */,
				4AFC5F8D2B2322C00000B62C /* ProfileView.swift in Sources */,
				8041F5B32B49B8E400E101A9 /* HomeProductPromotionView.swift in Sources */,
				4A881E482B3A0E600084FF46 /* ProductGridItemView.swift in Sources */,
				8046057D2B48978C0010137A /* HomeRecomendGalleryView.swift in Sources */,
				4A8962522B3B467A007E44AB /* ProductType.swift in Sources */,
				803947B42B543F230053ED0C /* SelectSizeView.swift in Sources */,
				4A8C13092B3C9D5100E2C102 /* CartProto.swift in Sources */,
				4A8C13022B3C932300E2C102 /* ShopSubCategoryListVIew.swift in Sources */,
				4A7E8BEB2B38650F0054F5C7 /* LoginStubAPI.swift in Sources */,
				4A8490F72B31F91300B23A8E /* ShopRecomendGalleryView.swift in Sources */,
				8041F5B12B49873500E101A9 /* ProductRecomendView.swift in Sources */,
				4A7E8BE72B385B9A0054F5C7 /* Product.swift in Sources */,
				4A8962502B3B4648007E44AB /* SubCategory.swift in Sources */,
				4A8703F42B36E8B700162E8A /* PhotoList.swift in Sources */,
				4A8703F62B36E97600162E8A /* Category.swift in Sources */,
				4A8490F42B31F71600B23A8E /* ImgWithTextView.swift in Sources */,
				4A8C13112B3C9E8D00E2C102 /* APIFactory.swift in Sources */,
				4A89625A2B3B5123007E44AB /* HomeStubAPI.swift in Sources */,
				4A8016432B2E1D40008262F7 /* SegmentedView.swift in Sources */,
				4A8962582B3B50D8007E44AB /* FavoritesStubAPI.swift in Sources */,
				4AFC5F882B2321C30000B62C /* FavoritesView.swift in Sources */,
				4A7E8BE92B38620A0054F5C7 /* UserInfo.swift in Sources */,
				4A8962562B3B5089007E44AB /* CommonStubAPI.swift in Sources */,
				4A8C130F2B3C9E2300E2C102 /* HomeProto.swift in Sources */,
				4A79458A2B12158A0055592B /* RootView.swift in Sources */,
				4A7945882B12158A0055592B /* nike_cpApp.swift in Sources */,
				4AFC5F8B2B2322570000B62C /* BagView.swift in Sources */,
				4A83B3AB2B30D9E3003DDA4B /* ShopStubAPI.swift in Sources */,
				4A8962542B3B4F26007E44AB /* CartStubAPI.swift in Sources */,
				4A8C130B2B3C9DC600E2C102 /* CommonProto.swift in Sources */,
				4A7E8BEF2B38A47B0054F5C7 /* Gender.swift in Sources */,
				4AFC5F842B2320940000B62C /* HomeView.swift in Sources */,
				4A3404A92B3F3E18004769A5 /* ProductView.swift in Sources */,
				4A8C13052B3C9BED00E2C102 /* ShopProto.swift in Sources */,
				4A8C130D2B3C9DE600E2C102 /* FavoritesProto.swift in Sources */,
				4A3EF53E2B3A045000889EC9 /* ShopCommonRecomendationView.swift in Sources */,
			);
			runOnlyForDeploymentPostprocessing = 0;
		};
		4A7945902B12158E0055592B /* Sources */ = {
			isa = PBXSourcesBuildPhase;
			buildActionMask = 2147483647;
			files = (
				4A7945992B12158E0055592B /* nike_cpTests.swift in Sources */,
			);
			runOnlyForDeploymentPostprocessing = 0;
		};
		4A79459A2B12158E0055592B /* Sources */ = {
			isa = PBXSourcesBuildPhase;
			buildActionMask = 2147483647;
			files = (
				4A7945A52B12158E0055592B /* nike_cpUITestsLaunchTests.swift in Sources */,
				4A7945A32B12158E0055592B /* nike_cpUITests.swift in Sources */,
			);
			runOnlyForDeploymentPostprocessing = 0;
		};
/* End PBXSourcesBuildPhase section */

/* Begin PBXTargetDependency section */
		4A7945962B12158E0055592B /* PBXTargetDependency */ = {
			isa = PBXTargetDependency;
			target = 4A7945832B12158A0055592B /* nike_cp */;
			targetProxy = 4A7945952B12158E0055592B /* PBXContainerItemProxy */;
		};
		4A7945A02B12158E0055592B /* PBXTargetDependency */ = {
			isa = PBXTargetDependency;
			target = 4A7945832B12158A0055592B /* nike_cp */;
			targetProxy = 4A79459F2B12158E0055592B /* PBXContainerItemProxy */;
		};
/* End PBXTargetDependency section */

/* Begin XCBuildConfiguration section */
		4A7945A62B12158E0055592B /* Debug */ = {
			isa = XCBuildConfiguration;
			buildSettings = {
				ALWAYS_SEARCH_USER_PATHS = NO;
				CLANG_ANALYZER_NONNULL = YES;
				CLANG_ANALYZER_NUMBER_OBJECT_CONVERSION = YES_AGGRESSIVE;
				CLANG_CXX_LANGUAGE_STANDARD = "gnu++20";
				CLANG_ENABLE_MODULES = YES;
				CLANG_ENABLE_OBJC_ARC = YES;
				CLANG_ENABLE_OBJC_WEAK = YES;
				CLANG_WARN_BLOCK_CAPTURE_AUTORELEASING = YES;
				CLANG_WARN_BOOL_CONVERSION = YES;
				CLANG_WARN_COMMA = YES;
				CLANG_WARN_CONSTANT_CONVERSION = YES;
				CLANG_WARN_DEPRECATED_OBJC_IMPLEMENTATIONS = YES;
				CLANG_WARN_DIRECT_OBJC_ISA_USAGE = YES_ERROR;
				CLANG_WARN_DOCUMENTATION_COMMENTS = YES;
				CLANG_WARN_EMPTY_BODY = YES;
				CLANG_WARN_ENUM_CONVERSION = YES;
				CLANG_WARN_INFINITE_RECURSION = YES;
				CLANG_WARN_INT_CONVERSION = YES;
				CLANG_WARN_NON_LITERAL_NULL_CONVERSION = YES;
				CLANG_WARN_OBJC_IMPLICIT_RETAIN_SELF = YES;
				CLANG_WARN_OBJC_LITERAL_CONVERSION = YES;
				CLANG_WARN_OBJC_ROOT_CLASS = YES_ERROR;
				CLANG_WARN_QUOTED_INCLUDE_IN_FRAMEWORK_HEADER = YES;
				CLANG_WARN_RANGE_LOOP_ANALYSIS = YES;
				CLANG_WARN_STRICT_PROTOTYPES = YES;
				CLANG_WARN_SUSPICIOUS_MOVE = YES;
				CLANG_WARN_UNGUARDED_AVAILABILITY = YES_AGGRESSIVE;
				CLANG_WARN_UNREACHABLE_CODE = YES;
				CLANG_WARN__DUPLICATE_METHOD_MATCH = YES;
				COPY_PHASE_STRIP = NO;
				DEBUG_INFORMATION_FORMAT = dwarf;
				ENABLE_STRICT_OBJC_MSGSEND = YES;
				ENABLE_TESTABILITY = YES;
				GCC_C_LANGUAGE_STANDARD = gnu11;
				GCC_DYNAMIC_NO_PIC = NO;
				GCC_NO_COMMON_BLOCKS = YES;
				GCC_OPTIMIZATION_LEVEL = 0;
				GCC_PREPROCESSOR_DEFINITIONS = (
					"DEBUG=1",
					"$(inherited)",
				);
				GCC_WARN_64_TO_32_BIT_CONVERSION = YES;
				GCC_WARN_ABOUT_RETURN_TYPE = YES_ERROR;
				GCC_WARN_UNDECLARED_SELECTOR = YES;
				GCC_WARN_UNINITIALIZED_AUTOS = YES_AGGRESSIVE;
				GCC_WARN_UNUSED_FUNCTION = YES;
				GCC_WARN_UNUSED_VARIABLE = YES;
				IPHONEOS_DEPLOYMENT_TARGET = 16.2;
				MTL_ENABLE_DEBUG_INFO = INCLUDE_SOURCE;
				MTL_FAST_MATH = YES;
				ONLY_ACTIVE_ARCH = YES;
				SDKROOT = iphoneos;
				SWIFT_ACTIVE_COMPILATION_CONDITIONS = DEBUG;
				SWIFT_OPTIMIZATION_LEVEL = "-Onone";
			};
			name = Debug;
		};
		4A7945A72B12158E0055592B /* Release */ = {
			isa = XCBuildConfiguration;
			buildSettings = {
				ALWAYS_SEARCH_USER_PATHS = NO;
				CLANG_ANALYZER_NONNULL = YES;
				CLANG_ANALYZER_NUMBER_OBJECT_CONVERSION = YES_AGGRESSIVE;
				CLANG_CXX_LANGUAGE_STANDARD = "gnu++20";
				CLANG_ENABLE_MODULES = YES;
				CLANG_ENABLE_OBJC_ARC = YES;
				CLANG_ENABLE_OBJC_WEAK = YES;
				CLANG_WARN_BLOCK_CAPTURE_AUTORELEASING = YES;
				CLANG_WARN_BOOL_CONVERSION = YES;
				CLANG_WARN_COMMA = YES;
				CLANG_WARN_CONSTANT_CONVERSION = YES;
				CLANG_WARN_DEPRECATED_OBJC_IMPLEMENTATIONS = YES;
				CLANG_WARN_DIRECT_OBJC_ISA_USAGE = YES_ERROR;
				CLANG_WARN_DOCUMENTATION_COMMENTS = YES;
				CLANG_WARN_EMPTY_BODY = YES;
				CLANG_WARN_ENUM_CONVERSION = YES;
				CLANG_WARN_INFINITE_RECURSION = YES;
				CLANG_WARN_INT_CONVERSION = YES;
				CLANG_WARN_NON_LITERAL_NULL_CONVERSION = YES;
				CLANG_WARN_OBJC_IMPLICIT_RETAIN_SELF = YES;
				CLANG_WARN_OBJC_LITERAL_CONVERSION = YES;
				CLANG_WARN_OBJC_ROOT_CLASS = YES_ERROR;
				CLANG_WARN_QUOTED_INCLUDE_IN_FRAMEWORK_HEADER = YES;
				CLANG_WARN_RANGE_LOOP_ANALYSIS = YES;
				CLANG_WARN_STRICT_PROTOTYPES = YES;
				CLANG_WARN_SUSPICIOUS_MOVE = YES;
				CLANG_WARN_UNGUARDED_AVAILABILITY = YES_AGGRESSIVE;
				CLANG_WARN_UNREACHABLE_CODE = YES;
				CLANG_WARN__DUPLICATE_METHOD_MATCH = YES;
				COPY_PHASE_STRIP = NO;
				DEBUG_INFORMATION_FORMAT = "dwarf-with-dsym";
				ENABLE_NS_ASSERTIONS = NO;
				ENABLE_STRICT_OBJC_MSGSEND = YES;
				GCC_C_LANGUAGE_STANDARD = gnu11;
				GCC_NO_COMMON_BLOCKS = YES;
				GCC_WARN_64_TO_32_BIT_CONVERSION = YES;
				GCC_WARN_ABOUT_RETURN_TYPE = YES_ERROR;
				GCC_WARN_UNDECLARED_SELECTOR = YES;
				GCC_WARN_UNINITIALIZED_AUTOS = YES_AGGRESSIVE;
				GCC_WARN_UNUSED_FUNCTION = YES;
				GCC_WARN_UNUSED_VARIABLE = YES;
				IPHONEOS_DEPLOYMENT_TARGET = 16.2;
				MTL_ENABLE_DEBUG_INFO = NO;
				MTL_FAST_MATH = YES;
				SDKROOT = iphoneos;
				SWIFT_COMPILATION_MODE = wholemodule;
				SWIFT_OPTIMIZATION_LEVEL = "-O";
				VALIDATE_PRODUCT = YES;
			};
			name = Release;
		};
		4A7945A92B12158E0055592B /* Debug */ = {
			isa = XCBuildConfiguration;
			buildSettings = {
				ASSETCATALOG_COMPILER_APPICON_NAME = AppIcon;
				ASSETCATALOG_COMPILER_GLOBAL_ACCENT_COLOR_NAME = AccentColor;
				CODE_SIGN_STYLE = Automatic;
				CURRENT_PROJECT_VERSION = 1;
				DEVELOPMENT_ASSET_PATHS = "\"nike_cp/Preview Content\"";
				ENABLE_PREVIEWS = YES;
				GENERATE_INFOPLIST_FILE = YES;
				INFOPLIST_KEY_UIApplicationSceneManifest_Generation = YES;
				INFOPLIST_KEY_UIApplicationSupportsIndirectInputEvents = YES;
				INFOPLIST_KEY_UILaunchScreen_Generation = YES;
				INFOPLIST_KEY_UILaunchStoryboardName = "Launch Screen.storyboard";
				INFOPLIST_KEY_UISupportedInterfaceOrientations_iPad = "UIInterfaceOrientationPortrait UIInterfaceOrientationPortraitUpsideDown UIInterfaceOrientationLandscapeLeft UIInterfaceOrientationLandscapeRight";
				INFOPLIST_KEY_UISupportedInterfaceOrientations_iPhone = "UIInterfaceOrientationPortrait UIInterfaceOrientationLandscapeLeft UIInterfaceOrientationLandscapeRight";
				LD_RUNPATH_SEARCH_PATHS = (
					"$(inherited)",
					"@executable_path/Frameworks",
				);
				MARKETING_VERSION = 1.0;
				PRODUCT_BUNDLE_IDENTIFIER = "vm.nike-cp";
				PRODUCT_NAME = "$(TARGET_NAME)";
				SWIFT_EMIT_LOC_STRINGS = YES;
				SWIFT_VERSION = 5.0;
				TARGETED_DEVICE_FAMILY = "1,2";
			};
			name = Debug;
		};
		4A7945AA2B12158E0055592B /* Release */ = {
			isa = XCBuildConfiguration;
			buildSettings = {
				ASSETCATALOG_COMPILER_APPICON_NAME = AppIcon;
				ASSETCATALOG_COMPILER_GLOBAL_ACCENT_COLOR_NAME = AccentColor;
				CODE_SIGN_STYLE = Automatic;
				CURRENT_PROJECT_VERSION = 1;
				DEVELOPMENT_ASSET_PATHS = "\"nike_cp/Preview Content\"";
				ENABLE_PREVIEWS = YES;
				GENERATE_INFOPLIST_FILE = YES;
				INFOPLIST_KEY_UIApplicationSceneManifest_Generation = YES;
				INFOPLIST_KEY_UIApplicationSupportsIndirectInputEvents = YES;
				INFOPLIST_KEY_UILaunchScreen_Generation = YES;
				INFOPLIST_KEY_UILaunchStoryboardName = "Launch Screen.storyboard";
				INFOPLIST_KEY_UISupportedInterfaceOrientations_iPad = "UIInterfaceOrientationPortrait UIInterfaceOrientationPortraitUpsideDown UIInterfaceOrientationLandscapeLeft UIInterfaceOrientationLandscapeRight";
				INFOPLIST_KEY_UISupportedInterfaceOrientations_iPhone = "UIInterfaceOrientationPortrait UIInterfaceOrientationLandscapeLeft UIInterfaceOrientationLandscapeRight";
				LD_RUNPATH_SEARCH_PATHS = (
					"$(inherited)",
					"@executable_path/Frameworks",
				);
				MARKETING_VERSION = 1.0;
				PRODUCT_BUNDLE_IDENTIFIER = "vm.nike-cp";
				PRODUCT_NAME = "$(TARGET_NAME)";
				SWIFT_EMIT_LOC_STRINGS = YES;
				SWIFT_VERSION = 5.0;
				TARGETED_DEVICE_FAMILY = "1,2";
			};
			name = Release;
		};
		4A7945AC2B12158E0055592B /* Debug */ = {
			isa = XCBuildConfiguration;
			buildSettings = {
				ALWAYS_EMBED_SWIFT_STANDARD_LIBRARIES = YES;
				BUNDLE_LOADER = "$(TEST_HOST)";
				CODE_SIGN_STYLE = Automatic;
				CURRENT_PROJECT_VERSION = 1;
				GENERATE_INFOPLIST_FILE = YES;
				IPHONEOS_DEPLOYMENT_TARGET = 16.2;
				MARKETING_VERSION = 1.0;
				PRODUCT_BUNDLE_IDENTIFIER = "vm.nike-cpTests";
				PRODUCT_NAME = "$(TARGET_NAME)";
				SWIFT_EMIT_LOC_STRINGS = NO;
				SWIFT_VERSION = 5.0;
				TARGETED_DEVICE_FAMILY = "1,2";
				TEST_HOST = "$(BUILT_PRODUCTS_DIR)/nike_cp.app/$(BUNDLE_EXECUTABLE_FOLDER_PATH)/nike_cp";
			};
			name = Debug;
		};
		4A7945AD2B12158E0055592B /* Release */ = {
			isa = XCBuildConfiguration;
			buildSettings = {
				ALWAYS_EMBED_SWIFT_STANDARD_LIBRARIES = YES;
				BUNDLE_LOADER = "$(TEST_HOST)";
				CODE_SIGN_STYLE = Automatic;
				CURRENT_PROJECT_VERSION = 1;
				GENERATE_INFOPLIST_FILE = YES;
				IPHONEOS_DEPLOYMENT_TARGET = 16.2;
				MARKETING_VERSION = 1.0;
				PRODUCT_BUNDLE_IDENTIFIER = "vm.nike-cpTests";
				PRODUCT_NAME = "$(TARGET_NAME)";
				SWIFT_EMIT_LOC_STRINGS = NO;
				SWIFT_VERSION = 5.0;
				TARGETED_DEVICE_FAMILY = "1,2";
				TEST_HOST = "$(BUILT_PRODUCTS_DIR)/nike_cp.app/$(BUNDLE_EXECUTABLE_FOLDER_PATH)/nike_cp";
			};
			name = Release;
		};
		4A7945AF2B12158E0055592B /* Debug */ = {
			isa = XCBuildConfiguration;
			buildSettings = {
				ALWAYS_EMBED_SWIFT_STANDARD_LIBRARIES = YES;
				CODE_SIGN_STYLE = Automatic;
				CURRENT_PROJECT_VERSION = 1;
				GENERATE_INFOPLIST_FILE = YES;
				MARKETING_VERSION = 1.0;
				PRODUCT_BUNDLE_IDENTIFIER = "vm.nike-cpUITests";
				PRODUCT_NAME = "$(TARGET_NAME)";
				SWIFT_EMIT_LOC_STRINGS = NO;
				SWIFT_VERSION = 5.0;
				TARGETED_DEVICE_FAMILY = "1,2";
				TEST_TARGET_NAME = nike_cp;
			};
			name = Debug;
		};
		4A7945B02B12158E0055592B /* Release */ = {
			isa = XCBuildConfiguration;
			buildSettings = {
				ALWAYS_EMBED_SWIFT_STANDARD_LIBRARIES = YES;
				CODE_SIGN_STYLE = Automatic;
				CURRENT_PROJECT_VERSION = 1;
				GENERATE_INFOPLIST_FILE = YES;
				MARKETING_VERSION = 1.0;
				PRODUCT_BUNDLE_IDENTIFIER = "vm.nike-cpUITests";
				PRODUCT_NAME = "$(TARGET_NAME)";
				SWIFT_EMIT_LOC_STRINGS = NO;
				SWIFT_VERSION = 5.0;
				TARGETED_DEVICE_FAMILY = "1,2";
				TEST_TARGET_NAME = nike_cp;
			};
			name = Release;
		};
/* End XCBuildConfiguration section */

/* Begin XCConfigurationList section */
		4A79457F2B12158A0055592B /* Build configuration list for PBXProject "nike_cp" */ = {
			isa = XCConfigurationList;
			buildConfigurations = (
				4A7945A62B12158E0055592B /* Debug */,
				4A7945A72B12158E0055592B /* Release */,
			);
			defaultConfigurationIsVisible = 0;
			defaultConfigurationName = Release;
		};
		4A7945A82B12158E0055592B /* Build configuration list for PBXNativeTarget "nike_cp" */ = {
			isa = XCConfigurationList;
			buildConfigurations = (
				4A7945A92B12158E0055592B /* Debug */,
				4A7945AA2B12158E0055592B /* Release */,
			);
			defaultConfigurationIsVisible = 0;
			defaultConfigurationName = Release;
		};
		4A7945AB2B12158E0055592B /* Build configuration list for PBXNativeTarget "nike_cpTests" */ = {
			isa = XCConfigurationList;
			buildConfigurations = (
				4A7945AC2B12158E0055592B /* Debug */,
				4A7945AD2B12158E0055592B /* Release */,
			);
			defaultConfigurationIsVisible = 0;
			defaultConfigurationName = Release;
		};
		4A7945AE2B12158E0055592B /* Build configuration list for PBXNativeTarget "nike_cpUITests" */ = {
			isa = XCConfigurationList;
			buildConfigurations = (
				4A7945AF2B12158E0055592B /* Debug */,
				4A7945B02B12158E0055592B /* Release */,
			);
			defaultConfigurationIsVisible = 0;
			defaultConfigurationName = Release;
		};
/* End XCConfigurationList section */
	};
	rootObject = 4A79457C2B12158A0055592B /* Project object */;
}
